{
  "originHash" : "16005fa36a5664992efc319b9b2196a31ba2b4083294d51039859f189ff63c4f",
  "pins" : [
    {
      "identity" : "aws-crt-swift",
      "kind" : "remoteSourceControl",
      "location" : "https://github.com/awslabs/aws-crt-swift",
      "state" : {
        "revision" : "033a7742e014107ed3f1144f6c62860d4cfbd33a",
        "version" : "0.46.0"
      }
    },
    {
      "identity" : "aws-sdk-swift",
      "kind" : "remoteSourceControl",
      "location" : "https://github.com/aws-amplify/aws-sdk-swift",
      "state" : {
        "revision" : "886723c57abda23c0bbc2051857aef2eef52e3a8",
        "version" : "1.2.29"
      }
    },
    {
      "identity" : "smithy-swift",
      "kind" : "remoteSourceControl",
      "location" : "https://github.com/smithy-lang/smithy-swift",
      "state" : {
        "revision" : "cd128a67edd0e791858ad8e613b8d354d5cdd09c",
        "version" : "0.119.0"
      }
    },
    {
      "identity" : "swift-log",
      "kind" : "remoteSourceControl",
      "location" : "https://github.com/apple/swift-log.git",
      "state" : {
        "revision" : "96a2f8a0fa41e9e09af4585e2724c4e825410b91",
        "version" : "1.6.2"
      }
    }
  ],
  "version" : 3
}
